
Microsoft Visual Studio Solution File, Format Version 12.00
# Visual Studio Version 16
VisualStudioVersion = 16.0.29806.167
MinimumVisualStudioVersion = 10.0.40219.1
Project("{9A19103F-16F7-4668-BE54-9A1E7A4F7556}") = "ModusOperandi.ECS", "ModusOperandi.ECS.csproj", "{14FD2808-68A3-41C3-B034-A7773B05AEC4}"
EndProject
Global
	GlobalSection(SolutionConfigurationPlatforms) = preSolution
		Debug|Any CPU = Debug|Any CPU
		Release|Any CPU = Release|Any CPU
	EndGlobalSection
	GlobalSection(ProjectConfigurationPlatforms) = postSolution
		{14FD2808-68A3-41C3-B034-A7773B05AEC4}.Debug|Any CPU.ActiveCfg = Debug|Any CPU
		{14FD2808-68A3-41C3-B034-A7773B05AEC4}.Debug|Any CPU.Build.0 = Debug|Any CPU
		{14FD2808-68A3-41C3-B034-A7773B05AEC4}.Release|Any CPU.ActiveCfg = Release|Any CPU
		{14FD2808-68A3-41C3-B034-A7773B05AEC4}.Release|Any CPU.Build.0 = Release|Any CPU
	EndGlobalSection
	GlobalSection(SolutionProperties) = preSolution
		HideSolutionNode = FALSE
	EndGlobalSection
	GlobalSection(ExtensibilityGlobals) = postSolution
		SolutionGuid = {2E9A0CC6-9A15-4D09-A24F-24BEB5D6EA54}
	EndGlobalSection
EndGlobal
